github.com/jacobsa/go-serial v0.0.0-20180131005756-15cf729a72d4 h1:G2ztCwXov8mRvP0ZfjE6nAlaCX2XbykaeHdbT6KwDz0=
github.com/jacobsa/go-serial v0.0.0-20180131005756-15cf729a72d4/go.mod h1:2RvX5ZjVtsznNZPEt4xwJXNJrM3VTZoQf7V6gk0ysvs=
github.com/johnjones4/termui v3.1.0+incompatible h1:4TBvyleK57uXqvKlDp1hXCXAVs1mWNyAt8HoojUNX30=
golang.org/x/sys v0.0.0-20210412220455-f1c623a9e750 h1:ZBu6861dZq7xBnG1bn5SRU0vA8nx42at4+kP07FMTog=
golang.org/x/sys v0.0.0-20210412220455-f1c623a9e750/go.mod h1:h1NjWce9XRLGQEsW7wpKNCjG9DtNlClVuFLEZdDNbEs=
